
Microsoft Visual Studio Solution File, Format Version 12.00
Project("{FAE04EC0-301F-11D3-BF4B-00C04F79EFBC}") = "LXGaming.Captain", "LXGaming.Captain\LXGaming.Captain.csproj", "{C20EC80A-DB1F-42FF-B05C-86A20FA463FB}"
EndProject
Global
	GlobalSection(SolutionConfigurationPlatforms) = preSolution
		Debug|Any CPU = Debug|Any CPU
		Release|Any CPU = Release|Any CPU
	EndGlobalSection
	GlobalSection(ProjectConfigurationPlatforms) = postSolution
		{C20EC80A-DB1F-42FF-B05C-86A20FA463FB}.Debug|Any CPU.ActiveCfg = Debug|Any CPU
		{C20EC80A-DB1F-42FF-B05C-86A20FA463FB}.Debug|Any CPU.Build.0 = Debug|Any CPU
		{C20EC80A-DB1F-42FF-B05C-86A20FA463FB}.Release|Any CPU.ActiveCfg = Release|Any CPU
		{C20EC80A-DB1F-42FF-B05C-86A20FA463FB}.Release|Any CPU.Build.0 = Release|Any CPU
	EndGlobalSection
EndGlobal
